
Microsoft Visual Studio Solution File, Format Version 12.00
# Visual Studio Version 17
VisualStudioVersion = 17.4.33205.214
MinimumVisualStudioVersion = 10.0.40219.1
Project("{FAE04EC0-301F-11D3-BF4B-00C04F79EFBC}") = "MyGenericProject", "MyGenericProject\MyGenericProject.csproj", "{48E122A7-4551-4FB5-808A-B4F5D501D2C8}"
EndProject
Project("{FAE04EC0-301F-11D3-BF4B-00C04F79EFBC}") = "New", "New\New.csproj", "{7F95FD81-00B6-478A-BFD6-5CBAF2E006F1}"
EndProject
Global
	GlobalSection(SolutionConfigurationPlatforms) = preSolution
		Debug|Any CPU = Debug|Any CPU
		Release|Any CPU = Release|Any CPU
	EndGlobalSection
	GlobalSection(ProjectConfigurationPlatforms) = postSolution
		{48E122A7-4551-4FB5-808A-B4F5D501D2C8}.Debug|Any CPU.ActiveCfg = Debug|Any CPU
		{48E122A7-4551-4FB5-808A-B4F5D501D2C8}.Debug|Any CPU.Build.0 = Debug|Any CPU
		{48E122A7-4551-4FB5-808A-B4F5D501D2C8}.Release|Any CPU.ActiveCfg = Release|Any CPU
		{48E122A7-4551-4FB5-808A-B4F5D501D2C8}.Release|Any CPU.Build.0 = Release|Any CPU
		{7F95FD81-00B6-478A-BFD6-5CBAF2E006F1}.Debug|Any CPU.ActiveCfg = Debug|Any CPU
		{7F95FD81-00B6-478A-BFD6-5CBAF2E006F1}.Debug|Any CPU.Build.0 = Debug|Any CPU
		{7F95FD81-00B6-478A-BFD6-5CBAF2E006F1}.Release|Any CPU.ActiveCfg = Release|Any CPU
		{7F95FD81-00B6-478A-BFD6-5CBAF2E006F1}.Release|Any CPU.Build.0 = Release|Any CPU
	EndGlobalSection
	GlobalSection(SolutionProperties) = preSolution
		HideSolutionNode = FALSE
	EndGlobalSection
	GlobalSection(ExtensibilityGlobals) = postSolution
		SolutionGuid = {4F0131CD-ED4B-43C2-BB44-E672AD1B3646}
	EndGlobalSection
EndGlobal
